<?xml version="1.0" encoding="utf-8"?>
<Project ToolsVersion="4.0" xmlns="http://schemas.microsoft.com/developer/msbuild/2003">
  <ItemGroup>
    <Filter Include="Marx">
      <UniqueIdentifier>{7DF4887C-692B-8A0D-1218-7010FE2D060F}</UniqueIdentifier>
    </Filter>
    <Filter Include="Marx\Events">
      <UniqueIdentifier>{C11109FA-2DC7-81EF-B6BB-7BC6227078F3}</UniqueIdentifier>
    </Filter>
    <Filter Include="Marx\Exceptions">
      <UniqueIdentifier>{4E10706A-BA9B-DD2E-C3AC-60232FB7392F}</UniqueIdentifier>
    </Filter>
  </ItemGroup>
  <ItemGroup>
    <ClInclude Include="src\Marx.h" />
    <ClInclude Include="src\Marx\Application.h">
      <Filter>Marx</Filter>
    </ClInclude>
    <ClInclude Include="src\Marx\Core.h">
      <Filter>Marx</Filter>
    </ClInclude>
    <ClInclude Include="src\Marx\EntryPoint.h">
      <Filter>Marx</Filter>
    </ClInclude>
    <ClInclude Include="src\Marx\Events\Application.h">
      <Filter>Marx\Events</Filter>
    </ClInclude>
    <ClInclude Include="src\Marx\Events\Controller.h">
      <Filter>Marx\Events</Filter>
    </ClInclude>
    <ClInclude Include="src\Marx\Events\Event.h">
      <Filter>Marx\Events</Filter>
    </ClInclude>
    <ClInclude Include="src\Marx\Events\Keyboard.h">
      <Filter>Marx\Events</Filter>
    </ClInclude>
    <ClInclude Include="src\Marx\Events\Mouse.h">
      <Filter>Marx\Events</Filter>
    </ClInclude>
    <ClInclude Include="src\Marx\Exceptions\ExceptionMacros.h">
      <Filter>Marx\Exceptions</Filter>
    </ClInclude>
    <ClInclude Include="src\Marx\Exceptions\MarxException.h">
      <Filter>Marx\Exceptions</Filter>
    </ClInclude>
    <ClInclude Include="src\Marx\Log.h">
      <Filter>Marx</Filter>
    </ClInclude>
    <ClInclude Include="src\Marx\Window.h">
      <Filter>Marx</Filter>
    </ClInclude>
    <ClInclude Include="src\mxpch.h" />
  </ItemGroup>
  <ItemGroup>
    <ClCompile Include="src\Marx\Application.cpp">
      <Filter>Marx</Filter>
    </ClCompile>
    <ClCompile Include="src\Marx\Log.cpp">
      <Filter>Marx</Filter>
    </ClCompile>
    <ClCompile Include="src\Marx\Window.cpp">
      <Filter>Marx</Filter>
    </ClCompile>
    <ClCompile Include="src\mxpch.cpp" />
  </ItemGroup>
</Project>