<?xml version="1.0" encoding="utf-8"?>
<Project ToolsVersion="4.0" xmlns="http://schemas.microsoft.com/developer/msbuild/2003">
  <ItemGroup>
    <Filter Include="Marx">
      <UniqueIdentifier>{7DF4887C-692B-8A0D-1218-7010FE2D060F}</UniqueIdentifier>
    </Filter>
    <Filter Include="Marx\Events">
      <UniqueIdentifier>{C11109FA-2DC7-81EF-B6BB-7BC6227078F3}</UniqueIdentifier>
    </Filter>
    <Filter Include="Marx\Exceptions">
      <UniqueIdentifier>{4E10706A-BA9B-DD2E-C3AC-60232FB7392F}</UniqueIdentifier>
    </Filter>
    <Filter Include="Marx\ImGui">
      <UniqueIdentifier>{6713A84D-53CB-E99A-BCD2-C2F6A8A9848B}</UniqueIdentifier>
    </Filter>
    <Filter Include="Marx\Input">
      <UniqueIdentifier>{3C4EA94D-2806-EB9A-910D-C4F67DE4858B}</UniqueIdentifier>
    </Filter>
    <Filter Include="Marx\Platform">
      <UniqueIdentifier>{718DB2BC-DD4D-2EF3-A688-7770120873CF}</UniqueIdentifier>
    </Filter>
    <Filter Include="Marx\Platform\DX11">
      <UniqueIdentifier>{5EE2626E-4AC6-23C4-B326-1E179F290E46}</UniqueIdentifier>
    </Filter>
    <Filter Include="Marx\Platform\Windows">
      <UniqueIdentifier>{AB18EBC9-1785-A6C4-E078-3E224CA4C82C}</UniqueIdentifier>
    </Filter>
  </ItemGroup>
  <ItemGroup>
    <ClInclude Include="src\Marx.h" />
    <ClInclude Include="src\Marx\Application.h">
      <Filter>Marx</Filter>
    </ClInclude>
    <ClInclude Include="src\Marx\Core.h">
      <Filter>Marx</Filter>
    </ClInclude>
    <ClInclude Include="src\Marx\EntryPoint.h">
      <Filter>Marx</Filter>
    </ClInclude>
    <ClInclude Include="src\Marx\Events\ControllerEvents.h">
      <Filter>Marx\Events</Filter>
    </ClInclude>
    <ClInclude Include="src\Marx\Events\Event.h">
      <Filter>Marx\Events</Filter>
    </ClInclude>
    <ClInclude Include="src\Marx\Events\KeyboardEvents.h">
      <Filter>Marx\Events</Filter>
    </ClInclude>
    <ClInclude Include="src\Marx\Events\MouseEvents.h">
      <Filter>Marx\Events</Filter>
    </ClInclude>
    <ClInclude Include="src\Marx\Events\WindowEvents.h">
      <Filter>Marx\Events</Filter>
    </ClInclude>
    <ClInclude Include="src\Marx\Exceptions\ExceptionMacros.h">
      <Filter>Marx\Exceptions</Filter>
    </ClInclude>
    <ClInclude Include="src\Marx\Exceptions\MarxException.h">
      <Filter>Marx\Exceptions</Filter>
    </ClInclude>
    <ClInclude Include="src\Marx\ImGui\ImGuiLayer.h">
      <Filter>Marx\ImGui</Filter>
    </ClInclude>
    <ClInclude Include="src\Marx\Input.h">
      <Filter>Marx</Filter>
    </ClInclude>
    <ClInclude Include="src\Marx\Input\Controller.h">
      <Filter>Marx\Input</Filter>
    </ClInclude>
    <ClInclude Include="src\Marx\Input\ControllerInputs.h">
      <Filter>Marx\Input</Filter>
    </ClInclude>
    <ClInclude Include="src\Marx\Input\ControllerManager.h">
      <Filter>Marx\Input</Filter>
    </ClInclude>
    <ClInclude Include="src\Marx\Input\KeyCodes.h">
      <Filter>Marx\Input</Filter>
    </ClInclude>
    <ClInclude Include="src\Marx\Input\MouseCodes.h">
      <Filter>Marx\Input</Filter>
    </ClInclude>
    <ClInclude Include="src\Marx\Layer.h">
      <Filter>Marx</Filter>
    </ClInclude>
    <ClInclude Include="src\Marx\LayerStack.h">
      <Filter>Marx</Filter>
    </ClInclude>
    <ClInclude Include="src\Marx\Log.h">
      <Filter>Marx</Filter>
    </ClInclude>
    <ClInclude Include="src\Marx\Window.h">
      <Filter>Marx</Filter>
    </ClInclude>
    <ClInclude Include="src\mxpch.h" />
    <ClInclude Include="src\Marx\Renderer\GraphicsContext.h" />
    <ClInclude Include="src\Marx\Renderer\Buffer.h" />
    <ClInclude Include="src\Marx\Renderer\Renderer.h" />
    <ClInclude Include="src\Marx\Renderer\Shader.h" />
    <ClInclude Include="src\Marx\Platform\XInput\XController.h">
      <Filter>Marx\Input</Filter>
    </ClInclude>
    <ClInclude Include="src\Marx\Platform\D3D11\D3D11Buffer.h" />
    <ClInclude Include="src\Marx\Platform\D3D11\D3D11ExceptionMacros.h">
      <Filter>Marx\Platform\DX11</Filter>
    </ClInclude>
    <ClInclude Include="src\Marx\Platform\D3D11\D3D11GraphicsContext.h" />
    <ClInclude Include="src\Marx\Platform\D3D11\D3D11InfoException.h">
      <Filter>Marx\Platform\DX11</Filter>
    </ClInclude>
    <ClInclude Include="src\Marx\Platform\D3D11\D3D11InfoManager.h">
      <Filter>Marx\Platform\DX11</Filter>
    </ClInclude>
    <ClInclude Include="src\Marx\Platform\D3D11\D3D11Shader.h" />
    <ClInclude Include="src\Marx\Renderer\RendererAPI.h" />
    <ClInclude Include="src\Marx\Renderer\RenderCommand.h" />
    <ClInclude Include="src\Marx\Renderer\VertexArray.h" />
    <ClInclude Include="src\Marx\Platform\D3D11\D3D11VertexArray.h" />
    <ClInclude Include="src\Marx\Platform\D3D11\D3D11RendererAPI.h" />
    <ClInclude Include="src\Marx\Platform\DX11\DX11Includes.h" />
    <ClInclude Include="src\Marx\Platform\Win32\HrException.h">
      <Filter>Marx\Platform\Windows</Filter>
    </ClInclude>
    <ClInclude Include="src\Marx\Platform\Win32\Win32Input.h">
      <Filter>Marx\Platform\Windows</Filter>
    </ClInclude>
    <ClInclude Include="src\Marx\Platform\Win32\Win32Window.h">
      <Filter>Marx\Platform\Windows</Filter>
    </ClInclude>
    <ClInclude Include="src\Marx\Platform\Win32\Win32Includes.h" />
    <ClInclude Include="src\Marx\Renderer\Camera.h" />
  </ItemGroup>
  <ItemGroup>
    <ClCompile Include="src\Marx\Application.cpp">
      <Filter>Marx</Filter>
    </ClCompile>
    <ClCompile Include="src\Marx\ImGui\ImGuiBuild.cpp">
      <Filter>Marx\ImGui</Filter>
    </ClCompile>
    <ClCompile Include="src\Marx\ImGui\ImGuiLayer.cpp">
      <Filter>Marx\ImGui</Filter>
    </ClCompile>
    <ClCompile Include="src\Marx\Input\ControllerManager.cpp">
      <Filter>Marx\Input</Filter>
    </ClCompile>
    <ClCompile Include="src\Marx\Layer.cpp">
      <Filter>Marx</Filter>
    </ClCompile>
    <ClCompile Include="src\Marx\LayerStack.cpp">
      <Filter>Marx</Filter>
    </ClCompile>
    <ClCompile Include="src\Marx\Log.cpp">
      <Filter>Marx</Filter>
    </ClCompile>
    <ClCompile Include="src\mxpch.cpp" />
    <ClCompile Include="src\Marx\Renderer\Buffer.cpp" />
    <ClCompile Include="src\Marx\Renderer\Renderer.cpp" />
    <ClCompile Include="src\Marx\Renderer\Shader.cpp" />
    <ClCompile Include="src\Marx\Platform\XInput\XController.cpp">
      <Filter>Marx\Input</Filter>
    </ClCompile>
    <ClCompile Include="src\Marx\Platform\D3D11\D3D11Buffer.cpp" />
    <ClCompile Include="src\Marx\Platform\D3D11\D3D11GraphicsContext.cpp" />
    <ClCompile Include="src\Marx\Platform\D3D11\D3D11InfoManager.cpp">
      <Filter>Marx\Platform\DX11</Filter>
    </ClCompile>
    <ClCompile Include="src\Marx\Platform\D3D11\D3D11Shader.cpp" />
    <ClCompile Include="src\Marx\Renderer\RendererAPI.cpp" />
    <ClCompile Include="src\Marx\Renderer\VertexArray.cpp" />
    <ClCompile Include="src\Marx\Platform\D3D11\D3D11VertexArray.cpp" />
    <ClCompile Include="src\Marx\Renderer\RenderCommand.cpp" />
    <ClCompile Include="src\Marx\Platform\D3D11\D3D11RendererAPI.cpp" />
    <ClCompile Include="src\Marx\Platform\Win32\Win32Input.cpp">
      <Filter>Marx\Platform\Windows</Filter>
    </ClCompile>
    <ClCompile Include="src\Marx\Platform\Win32\Win32Window.cpp">
      <Filter>Marx\Platform\Windows</Filter>
    </ClCompile>
    <ClCompile Include="src\Marx\Renderer\Camera.cpp" />
  </ItemGroup>
</Project>